
Microsoft Visual Studio Solution File, Format Version 12.00
# Visual Studio Version 17
VisualStudioVersion = 17.3.32825.248
MinimumVisualStudioVersion = 10.0.40219.1
Project("{FAE04EC0-301F-11D3-BF4B-00C04F79EFBC}") = "CarPoolingDriverAPP.Android", "CarPoolingDriverAPP\CarPoolingDriverAPP.Android\CarPoolingDriverAPP.Android.csproj", "{4D0DF097-EB82-4991-B092-F2E44F911907}"
EndProject
Project("{FAE04EC0-301F-11D3-BF4B-00C04F79EFBC}") = "CarPoolingDriverAPP", "CarPoolingDriverAPP\CarPoolingDriverAPP\CarPoolingDriverAPP.csproj", "{3F9EBC34-8417-4F13-BA6B-986C98AC2E7E}"
EndProject
Global
	GlobalSection(SolutionConfigurationPlatforms) = preSolution
		Debug|Any CPU = Debug|Any CPU
		Release|Any CPU = Release|Any CPU
	EndGlobalSection
	GlobalSection(ProjectConfigurationPlatforms) = postSolution
		{4D0DF097-EB82-4991-B092-F2E44F911907}.Debug|Any CPU.ActiveCfg = Debug|Any CPU
		{4D0DF097-EB82-4991-B092-F2E44F911907}.Debug|Any CPU.Build.0 = Debug|Any CPU
		{4D0DF097-EB82-4991-B092-F2E44F911907}.Debug|Any CPU.Deploy.0 = Debug|Any CPU
		{4D0DF097-EB82-4991-B092-F2E44F911907}.Release|Any CPU.ActiveCfg = Release|Any CPU
		{4D0DF097-EB82-4991-B092-F2E44F911907}.Release|Any CPU.Build.0 = Release|Any CPU
		{4D0DF097-EB82-4991-B092-F2E44F911907}.Release|Any CPU.Deploy.0 = Release|Any CPU
		{3F9EBC34-8417-4F13-BA6B-986C98AC2E7E}.Debug|Any CPU.ActiveCfg = Debug|Any CPU
		{3F9EBC34-8417-4F13-BA6B-986C98AC2E7E}.Debug|Any CPU.Build.0 = Debug|Any CPU
		{3F9EBC34-8417-4F13-BA6B-986C98AC2E7E}.Debug|Any CPU.Deploy.0 = Debug|Any CPU
		{3F9EBC34-8417-4F13-BA6B-986C98AC2E7E}.Release|Any CPU.ActiveCfg = Release|Any CPU
		{3F9EBC34-8417-4F13-BA6B-986C98AC2E7E}.Release|Any CPU.Build.0 = Release|Any CPU
		{3F9EBC34-8417-4F13-BA6B-986C98AC2E7E}.Release|Any CPU.Deploy.0 = Release|Any CPU
	EndGlobalSection
	GlobalSection(SolutionProperties) = preSolution
		HideSolutionNode = FALSE
	EndGlobalSection
	GlobalSection(ExtensibilityGlobals) = postSolution
		SolutionGuid = {532180B1-F8B6-4CF6-9E14-009650713527}
	EndGlobalSection
EndGlobal
